{
  "name": "agent-database-cli",
  "version": "0.2.15",
  "lockfileVersion": 3,
  "requires": true,
  "packages": {
    "": {
      "name": "agent-database-cli",
      "version": "0.2.15",
      "bin": {
        "agent-database-cli": "bin/agent-database-cli.js"
      },
      "engines": {
        "node": ">=20"
      },
      "optionalDependencies": {
        "@agent-database-cli/darwin-arm64": "0.2.15",
        "@agent-database-cli/darwin-x64": "0.2.15",
        "@agent-database-cli/linux-arm64": "0.2.15",
        "@agent-database-cli/linux-x64": "0.2.15",
        "@agent-database-cli/win32-x64": "0.2.15"
      }
    },
    "node_modules/@agent-database-cli/darwin-arm64": {
      "version": "0.2.15",
      "resolved": "https://registry.npmjs.org/@agent-database-cli/darwin-arm64/-/darwin-arm64-0.2.15.tgz",
      "integrity": "sha512-gX11alGUpapr/c0cmxXzL8Wr7Nzu0GZ0inKIs11luMwl0fiCFyiF/Bx5Lf5qngR9lEEt2WmBV8Of6z0jfQ+NVg==",
      "cpu": [
        "arm64"
      ],
      "license": "MIT",
      "optional": true,
      "os": [
        "darwin"
      ]
    },
    "node_modules/@agent-database-cli/darwin-x64": {
      "version": "0.2.15",
      "resolved": "https://registry.npmjs.org/@agent-database-cli/darwin-x64/-/darwin-x64-0.2.15.tgz",
      "integrity": "sha512-7hClNK7ajaIlONHJyVVaduOdOwatwjkvw2RMabyQmS+go931NmyU2RUoa3KkrNN7SEAzzvYuADCmfS81tMEMvA==",
      "cpu": [
        "x64"
      ],
      "license": "MIT",
      "optional": true,
      "os": [
        "darwin"
      ]
    },
    "node_modules/@agent-database-cli/linux-arm64": {
      "version": "0.2.15",
      "resolved": "https://registry.npmjs.org/@agent-database-cli/linux-arm64/-/linux-arm64-0.2.15.tgz",
      "integrity": "sha512-6P4MqX/Npu0RYvOgqSrAlQS9zBDqy8Tf+p9Qj7TiUptmnuYZnOnU3FlGQDdzPV14pyPV81f/7+nvx6noAC2/rg==",
      "cpu": [
        "arm64"
      ],
      "license": "MIT",
      "optional": true,
      "os": [
        "linux"
      ]
    },
    "node_modules/@agent-database-cli/linux-x64": {
      "version": "0.2.15",
      "resolved": "https://registry.npmjs.org/@agent-database-cli/linux-x64/-/linux-x64-0.2.15.tgz",
      "integrity": "sha512-0bY9uUO9NgLF2sDavyimmzq+hhboGTsTLJ+SDaz8uCf5iVtIO85mYCgTAvPnPIDNtQnmsLibEq4oD1SqhW39mw==",
      "cpu": [
        "x64"
      ],
      "license": "MIT",
      "optional": true,
      "os": [
        "linux"
      ]
    },
    "node_modules/@agent-database-cli/win32-x64": {
      "version": "0.2.15",
      "resolved": "https://registry.npmjs.org/@agent-database-cli/win32-x64/-/win32-x64-0.2.15.tgz",
      "integrity": "sha512-xIc/mhSwSFcxT/v6cz9vLMHIoA/7KlGWZo65UEwb+4MT9SvvZXO2l9gtfq9H+ZUfxvuEOer0QfUcbkvcJaLw4Q==",
      "cpu": [
        "x64"
      ],
      "license": "MIT",
      "optional": true,
      "os": [
        "win32"
      ]
    }
  }
}
