{
  "name": "agent-database-cli",
  "version": "0.2.14",
  "lockfileVersion": 3,
  "requires": true,
  "packages": {
    "": {
      "name": "agent-database-cli",
      "version": "0.2.14",
      "bin": {
        "agent-database-cli": "bin/agent-database-cli.js"
      },
      "engines": {
        "node": ">=20"
      },
      "optionalDependencies": {
        "@agent-database-cli/darwin-arm64": "0.2.14",
        "@agent-database-cli/darwin-x64": "0.2.14",
        "@agent-database-cli/linux-arm64": "0.2.14",
        "@agent-database-cli/linux-x64": "0.2.14",
        "@agent-database-cli/win32-x64": "0.2.14"
      }
    },
    "node_modules/@agent-database-cli/darwin-arm64": {
      "version": "0.2.14",
      "resolved": "https://registry.npmjs.org/@agent-database-cli/darwin-arm64/-/darwin-arm64-0.2.14.tgz",
      "integrity": "sha512-yjgddMD+AnNAosOK1js7Aa5iDEDVPrXXjgv3iWkgk0Nf3o3LP61sCbH9ila5qMqnATn7roHuOOIpv7W7JlWUdg==",
      "cpu": [
        "arm64"
      ],
      "license": "MIT",
      "optional": true,
      "os": [
        "darwin"
      ]
    },
    "node_modules/@agent-database-cli/darwin-x64": {
      "version": "0.2.14",
      "resolved": "https://registry.npmjs.org/@agent-database-cli/darwin-x64/-/darwin-x64-0.2.14.tgz",
      "integrity": "sha512-JWSAR0Nipexou9WzO1I96FRXuSdTN0SvuiSBxeppcgWxoq/gkhJn9wnA4UYpetLEIHJV2U9pkaPCG9RQx/IuRA==",
      "cpu": [
        "x64"
      ],
      "license": "MIT",
      "optional": true,
      "os": [
        "darwin"
      ]
    },
    "node_modules/@agent-database-cli/linux-arm64": {
      "version": "0.2.14",
      "resolved": "https://registry.npmjs.org/@agent-database-cli/linux-arm64/-/linux-arm64-0.2.14.tgz",
      "integrity": "sha512-SMBxg2EQtPScUxr9uZejytKEMBRb9bSjTRIULCcJ21SlxYWozLTveOHCuWhb1oYI3LslaO2x0l6QC6nr9U8FeQ==",
      "cpu": [
        "arm64"
      ],
      "license": "MIT",
      "optional": true,
      "os": [
        "linux"
      ]
    },
    "node_modules/@agent-database-cli/linux-x64": {
      "version": "0.2.14",
      "resolved": "https://registry.npmjs.org/@agent-database-cli/linux-x64/-/linux-x64-0.2.14.tgz",
      "integrity": "sha512-pKKAtiTJhwEp0/n81ro3HL0IJqLndk5K8DjNwgtyLz6KNwhKHweWVUUCOpLdtE8IS9+n7NcgycRNJ4+hdGgrxg==",
      "cpu": [
        "x64"
      ],
      "license": "MIT",
      "optional": true,
      "os": [
        "linux"
      ]
    },
    "node_modules/@agent-database-cli/win32-x64": {
      "version": "0.2.14",
      "resolved": "https://registry.npmjs.org/@agent-database-cli/win32-x64/-/win32-x64-0.2.14.tgz",
      "integrity": "sha512-Hg+vhGZi39nSZOh0S3rcWK7chDCC3vr7QqptqF7StiyW3VNRwQ6Dz4DtFc5XCSdGJ36lMTks1fNx2Viiw8xyog==",
      "cpu": [
        "x64"
      ],
      "license": "MIT",
      "optional": true,
      "os": [
        "win32"
      ]
    }
  }
}
